
Microsoft Visual Studio Solution File, Format Version 12.00
# Visual Studio 15
VisualStudioVersion = 15.0.28010.2003
MinimumVisualStudioVersion = 10.0.40219.1
Project("{FAE04EC0-301F-11D3-BF4B-00C04F79EFBC}") = "UnityDependencyTut", "UnityDependencyTut\UnityDependencyTut.csproj", "{07944FF3-2A6F-4D2D-8653-AEC0142BBA65}"
EndProject
Global
	GlobalSection(SolutionConfigurationPlatforms) = preSolution
		Debug|Any CPU = Debug|Any CPU
		Release|Any CPU = Release|Any CPU
	EndGlobalSection
	GlobalSection(ProjectConfigurationPlatforms) = postSolution
		{07944FF3-2A6F-4D2D-8653-AEC0142BBA65}.Debug|Any CPU.ActiveCfg = Debug|Any CPU
		{07944FF3-2A6F-4D2D-8653-AEC0142BBA65}.Debug|Any CPU.Build.0 = Debug|Any CPU
		{07944FF3-2A6F-4D2D-8653-AEC0142BBA65}.Release|Any CPU.ActiveCfg = Release|Any CPU
		{07944FF3-2A6F-4D2D-8653-AEC0142BBA65}.Release|Any CPU.Build.0 = Release|Any CPU
	EndGlobalSection
	GlobalSection(SolutionProperties) = preSolution
		HideSolutionNode = FALSE
	EndGlobalSection
	GlobalSection(ExtensibilityGlobals) = postSolution
		SolutionGuid = {85571142-22DA-4EBF-8430-B016EDC4D71D}
	EndGlobalSection
EndGlobal
